// !$*UTF8*$!
{
	archiveVersion = 1;
	classes = {
	};
	objectVersion = 50;
	objects = {

/* Begin PBXBuildFile section */
		34C7395920EBA11D00853ECF /* AppDelegate.swift in Sources */ = {isa = PBXBuildFile; fileRef = 34C7395820EBA11D00853ECF /* AppDelegate.swift */; };
		34C7395E20EBA11D00853ECF /* Main.storyboard in Resources */ = {isa = PBXBuildFile; fileRef = 34C7395C20EBA11D00853ECF /* Main.storyboard */; };
		34C7396020EBA11F00853ECF /* Assets.xcassets in Resources */ = {isa = PBXBuildFile; fileRef = 34C7395F20EBA11F00853ECF /* Assets.xcassets */; };
		34C7396320EBA11F00853ECF /* LaunchScreen.storyboard in Resources */ = {isa = PBXBuildFile; fileRef = 34C7396120EBA11F00853ECF /* LaunchScreen.storyboard */; };
		34C7396E20EBA11F00853ECF /* AlamofireContributorsTests.swift in Sources */ = {isa = PBXBuildFile; fileRef = 34C7396D20EBA11F00853ECF /* AlamofireContributorsTests.swift */; };
/* End PBXBuildFile section */

/* Begin PBXContainerItemProxy section */
		34C7396A20EBA11F00853ECF /* PBXContainerItemProxy */ = {
			isa = PBXContainerItemProxy;
			containerPortal = 34C7394D20EBA11D00853ECF /* Project object */;
			proxyType = 1;
			remoteGlobalIDString = 34C7395420EBA11D00853ECF;
			remoteInfo = AlamofireContributors;
		};
/* End PBXContainerItemProxy section */

/* Begin PBXFileReference section */
		34C7395520EBA11D00853ECF /* AlamofireContributors.app */ = {isa = PBXFileReference; explicitFileType = wrapper.application; includeInIndex = 0; path = AlamofireContributors.app; sourceTree = BUILT_PRODUCTS_DIR; };
		34C7395820EBA11D00853ECF /* AppDelegate.swift */ = {isa = PBXFileReference; lastKnownFileType = sourcecode.swift; path = AppDelegate.swift; sourceTree = "<group>"; };
		34C7395D20EBA11D00853ECF /* Base */ = {isa = PBXFileReference; lastKnownFileType = file.storyboard; name = Base; path = Base.lproj/Main.storyboard; sourceTree = "<group>"; };
		34C7395F20EBA11F00853ECF /* Assets.xcassets */ = {isa = PBXFileReference; lastKnownFileType = folder.assetcatalog; path = Assets.xcassets; sourceTree = "<group>"; };
		34C7396220EBA11F00853ECF /* Base */ = {isa = PBXFileReference; lastKnownFileType = file.storyboard; name = Base; path = Base.lproj/LaunchScreen.storyboard; sourceTree = "<group>"; };
		34C7396420EBA11F00853ECF /* Info.plist */ = {isa = PBXFileReference; lastKnownFileType = text.plist.xml; path = Info.plist; sourceTree = "<group>"; };
		34C7396920EBA11F00853ECF /* AlamofireContributorsTests.xctest */ = {isa = PBXFileReference; explicitFileType = wrapper.cfbundle; includeInIndex = 0; path = AlamofireContributorsTests.xctest; sourceTree = BUILT_PRODUCTS_DIR; };
		34C7396D20EBA11F00853ECF /* AlamofireContributorsTests.swift */ = {isa = PBXFileReference; lastKnownFileType = sourcecode.swift; path = AlamofireContributorsTests.swift; sourceTree = "<group>"; };
		34C7396F20EBA11F00853ECF /* Info.plist */ = {isa = PBXFileReference; lastKnownFileType = text.plist.xml; path = Info.plist; sourceTree = "<group>"; };
/* End PBXFileReference section */

/* Begin PBXFrameworksBuildPhase section */
		34C7395220EBA11D00853ECF /* Frameworks */ = {
			isa = PBXFrameworksBuildPhase;
			buildActionMask = 2147483647;
			files = (
			);
			runOnlyForDeploymentPostprocessing = 0;
		};
		34C7396620EBA11F00853ECF /* Frameworks */ = {
			isa = PBXFrameworksBuildPhase;
			buildActionMask = 2147483647;
			files = (
			);
			runOnlyForDeploymentPostprocessing = 0;
		};
/* End PBXFrameworksBuildPhase section */

/* Begin PBXGroup section */
		34C7394C20EBA11D00853ECF = {
			isa = PBXGroup;
			children = (
				34C7395720EBA11D00853ECF /* AlamofireContributors */,
				34C7396C20EBA11F00853ECF /* AlamofireContributorsTests */,
				34C7395620EBA11D00853ECF /* Products */,
			);
			sourceTree = "<group>";
		};
		34C7395620EBA11D00853ECF /* Products */ = {
			isa = PBXGroup;
			children = (
				34C7395520EBA11D00853ECF /* AlamofireContributors.app */,
				34C7396920EBA11F00853ECF /* AlamofireContributorsTests.xctest */,
			);
			name = Products;
			sourceTree = "<group>";
		};
		34C7395720EBA11D00853ECF /* AlamofireContributors */ = {
			isa = PBXGroup;
			children = (
				34C7395820EBA11D00853ECF /* AppDelegate.swift */,
				34C7395C20EBA11D00853ECF /* Main.storyboard */,
				34C7395F20EBA11F00853ECF /* Assets.xcassets */,
				34C7396120EBA11F00853ECF /* LaunchScreen.storyboard */,
				34C7396420EBA11F00853ECF /* Info.plist */,
			);
			path = AlamofireContributors;
			sourceTree = "<group>";
		};
		34C7396C20EBA11F00853ECF /* AlamofireContributorsTests */ = {
			isa = PBXGroup;
			children = (
				34C7396D20EBA11F00853ECF /* AlamofireContributorsTests.swift */,
				34C7396F20EBA11F00853ECF /* Info.plist */,
			);
			path = AlamofireContributorsTests;
			sourceTree = "<group>";
		};
/* End PBXGroup section */

/* Begin PBXNativeTarget section */
		34C7395420EBA11D00853ECF /* AlamofireContributors */ = {
			isa = PBXNativeTarget;
			buildConfigurationList = 34C7397220EBA11F00853ECF /* Build configuration list for PBXNativeTarget "AlamofireContributors" */;
			buildPhases = (
				34C7395120EBA11D00853ECF /* Sources */,
				34C7395220EBA11D00853ECF /* Frameworks */,
				34C7395320EBA11D00853ECF /* Resources */,
			);
			buildRules = (
			);
			dependencies = (
			);
			name = AlamofireContributors;
			productName = AlamofireContributors;
			productReference = 34C7395520EBA11D00853ECF /* AlamofireContributors.app */;
			productType = "com.apple.product-type.application";
		};
		34C7396820EBA11F00853ECF /* AlamofireContributorsTests */ = {
			isa = PBXNativeTarget;
			buildConfigurationList = 34C7397520EBA11F00853ECF /* Build configuration list for PBXNativeTarget "AlamofireContributorsTests" */;
			buildPhases = (
				34C7396520EBA11F00853ECF /* Sources */,
				34C7396620EBA11F00853ECF /* Frameworks */,
				34C7396720EBA11F00853ECF /* Resources */,
			);
			buildRules = (
			);
			dependencies = (
				34C7396B20EBA11F00853ECF /* PBXTargetDependency */,
			);
			name = AlamofireContributorsTests;
			productName = AlamofireContributorsTests;
			productReference = 34C7396920EBA11F00853ECF /* AlamofireContributorsTests.xctest */;
			productType = "com.apple.product-type.bundle.unit-test";
		};
/* End PBXNativeTarget section */

/* Begin PBXProject section */
		34C7394D20EBA11D00853ECF /* Project object */ = {
			isa = PBXProject;
			attributes = {
				LastSwiftUpdateCheck = 0940;
				LastUpgradeCheck = 0940;
				ORGANIZATIONNAME = "Max Tymchii";
				TargetAttributes = {
					34C7395420EBA11D00853ECF = {
						CreatedOnToolsVersion = 9.4.1;
					};
					34C7396820EBA11F00853ECF = {
						CreatedOnToolsVersion = 9.4.1;
						TestTargetID = 34C7395420EBA11D00853ECF;
					};
				};
			};
			buildConfigurationList = 34C7395020EBA11D00853ECF /* Build configuration list for PBXProject "AlamofireContributors" */;
			compatibilityVersion = "Xcode 9.3";
			developmentRegion = en;
			hasScannedForEncodings = 0;
			knownRegions = (
				en,
				Base,
			);
			mainGroup = 34C7394C20EBA11D00853ECF;
			productRefGroup = 34C7395620EBA11D00853ECF /* Products */;
			projectDirPath = "";
			projectRoot = "";
			targets = (
				34C7395420EBA11D00853ECF /* AlamofireContributors */,
				34C7396820EBA11F00853ECF /* AlamofireContributorsTests */,
			);
		};
/* End PBXProject section */

/* Begin PBXResourcesBuildPhase section */
		34C7395320EBA11D00853ECF /* Resources */ = {
			isa = PBXResourcesBuildPhase;
			buildActionMask = 2147483647;
			files = (
				34C7396320EBA11F00853ECF /* LaunchScreen.storyboard in Resources */,
				34C7396020EBA11F00853ECF /* Assets.xcassets in Resources */,
				34C7395E20EBA11D00853ECF /* Main.storyboard in Resources */,
			);
			runOnlyForDeploymentPostprocessing = 0;
		};
		34C7396720EBA11F00853ECF /* Resources */ = {
			isa = PBXResourcesBuildPhase;
			buildActionMask = 2147483647;
			files = (
			);
			runOnlyForDeploymentPostprocessing = 0;
		};
/* End PBXResourcesBuildPhase section */

/* Begin PBXSourcesBuildPhase section */
		34C7395120EBA11D00853ECF /* Sources */ = {
			isa = PBXSourcesBuildPhase;
			buildActionMask = 2147483647;
			files = (
				34C7395920EBA11D00853ECF /* AppDelegate.swift in Sources */,
			);
			runOnlyForDeploymentPostprocessing = 0;
		};
		34C7396520EBA11F00853ECF /* Sources */ = {
			isa = PBXSourcesBuildPhase;
			buildActionMask = 2147483647;
			files = (
				34C7396E20EBA11F00853ECF /* AlamofireContributorsTests.swift in Sources */,
			);
			runOnlyForDeploymentPostprocessing = 0;
		};
/* End PBXSourcesBuildPhase section */

/* Begin PBXTargetDependency section */
		34C7396B20EBA11F00853ECF /* PBXTargetDependency */ = {
			isa = PBXTargetDependency;
			target = 34C7395420EBA11D00853ECF /* AlamofireContributors */;
			targetProxy = 34C7396A20EBA11F00853ECF /* PBXContainerItemProxy */;
		};
/* End PBXTargetDependency section */

/* Begin PBXVariantGroup section */
		34C7395C20EBA11D00853ECF /* Main.storyboard */ = {
			isa = PBXVariantGroup;
			children = (
				34C7395D20EBA11D00853ECF /* Base */,
			);
			name = Main.storyboard;
			sourceTree = "<group>";
		};
		34C7396120EBA11F00853ECF /* LaunchScreen.storyboard */ = {
			isa = PBXVariantGroup;
			children = (
				34C7396220EBA11F00853ECF /* Base */,
			);
			name = LaunchScreen.storyboard;
			sourceTree = "<group>";
		};
/* End PBXVariantGroup section */

/* Begin XCBuildConfiguration section */
		34C7397020EBA11F00853ECF /* Debug */ = {
			isa = XCBuildConfiguration;
			buildSettings = {
				ALWAYS_SEARCH_USER_PATHS = NO;
				CLANG_ANALYZER_NONNULL = YES;
				CLANG_ANALYZER_NUMBER_OBJECT_CONVERSION = YES_AGGRESSIVE;
				CLANG_CXX_LANGUAGE_STANDARD = "gnu++14";
				CLANG_CXX_LIBRARY = "libc++";
				CLANG_ENABLE_MODULES = YES;
				CLANG_ENABLE_OBJC_ARC = YES;
				CLANG_ENABLE_OBJC_WEAK = YES;
				CLANG_WARN_BLOCK_CAPTURE_AUTORELEASING = YES;
				CLANG_WARN_BOOL_CONVERSION = YES;
				CLANG_WARN_COMMA = YES;
				CLANG_WARN_CONSTANT_CONVERSION = YES;
				CLANG_WARN_DEPRECATED_OBJC_IMPLEMENTATIONS = YES;
				CLANG_WARN_DIRECT_OBJC_ISA_USAGE = YES_ERROR;
				CLANG_WARN_DOCUMENTATION_COMMENTS = YES;
				CLANG_WARN_EMPTY_BODY = YES;
				CLANG_WARN_ENUM_CONVERSION = YES;
				CLANG_WARN_INFINITE_RECURSION = YES;
				CLANG_WARN_INT_CONVERSION = YES;
				CLANG_WARN_NON_LITERAL_NULL_CONVERSION = YES;
				CLANG_WARN_OBJC_IMPLICIT_RETAIN_SELF = YES;
				CLANG_WARN_OBJC_LITERAL_CONVERSION = YES;
				CLANG_WARN_OBJC_ROOT_CLASS = YES_ERROR;
				CLANG_WARN_RANGE_LOOP_ANALYSIS = YES;
				CLANG_WARN_STRICT_PROTOTYPES = YES;
				CLANG_WARN_SUSPICIOUS_MOVE = YES;
				CLANG_WARN_UNGUARDED_AVAILABILITY = YES_AGGRESSIVE;
				CLANG_WARN_UNREACHABLE_CODE = YES;
				CLANG_WARN__DUPLICATE_METHOD_MATCH = YES;
				CODE_SIGN_IDENTITY = "iPhone Developer";
				COPY_PHASE_STRIP = NO;
				DEBUG_INFORMATION_FORMAT = dwarf;
				ENABLE_STRICT_OBJC_MSGSEND = YES;
				ENABLE_TESTABILITY = YES;
				GCC_C_LANGUAGE_STANDARD = gnu11;
				GCC_DYNAMIC_NO_PIC = NO;
				GCC_NO_COMMON_BLOCKS = YES;
				GCC_OPTIMIZATION_LEVEL = 0;
				GCC_PREPROCESSOR_DEFINITIONS = (
					"DEBUG=1",
					"$(inherited)",
				);
				GCC_WARN_64_TO_32_BIT_CONVERSION = YES;
				GCC_WARN_ABOUT_RETURN_TYPE = YES_ERROR;
				GCC_WARN_UNDECLARED_SELECTOR = YES;
				GCC_WARN_UNINITIALIZED_AUTOS = YES_AGGRESSIVE;
				GCC_WARN_UNUSED_FUNCTION = YES;
				GCC_WARN_UNUSED_VARIABLE = YES;
				IPHONEOS_DEPLOYMENT_TARGET = 11.4;
				MTL_ENABLE_DEBUG_INFO = YES;
				ONLY_ACTIVE_ARCH = YES;
				SDKROOT = iphoneos;
				SWIFT_ACTIVE_COMPILATION_CONDITIONS = DEBUG;
				SWIFT_OPTIMIZATION_LEVEL = "-Onone";
			};
			name = Debug;
		};
		34C7397120EBA11F00853ECF /* Release */ = {
			isa = XCBuildConfiguration;
			buildSettings = {
				ALWAYS_SEARCH_USER_PATHS = NO;
				CLANG_ANALYZER_NONNULL = YES;
				CLANG_ANALYZER_NUMBER_OBJECT_CONVERSION = YES_AGGRESSIVE;
				CLANG_CXX_LANGUAGE_STANDARD = "gnu++14";
				CLANG_CXX_LIBRARY = "libc++";
				CLANG_ENABLE_MODULES = YES;
				CLANG_ENABLE_OBJC_ARC = YES;
				CLANG_ENABLE_OBJC_WEAK = YES;
				CLANG_WARN_BLOCK_CAPTURE_AUTORELEASING = YES;
				CLANG_WARN_BOOL_CONVERSION = YES;
				CLANG_WARN_COMMA = YES;
				CLANG_WARN_CONSTANT_CONVERSION = YES;
				CLANG_WARN_DEPRECATED_OBJC_IMPLEMENTATIONS = YES;
				CLANG_WARN_DIRECT_OBJC_ISA_USAGE = YES_ERROR;
				CLANG_WARN_DOCUMENTATION_COMMENTS = YES;
				CLANG_WARN_EMPTY_BODY = YES;
				CLANG_WARN_ENUM_CONVERSION = YES;
				CLANG_WARN_INFINITE_RECURSION = YES;
				CLANG_WARN_INT_CONVERSION = YES;
				CLANG_WARN_NON_LITERAL_NULL_CONVERSION = YES;
				CLANG_WARN_OBJC_IMPLICIT_RETAIN_SELF = YES;
				CLANG_WARN_OBJC_LITERAL_CONVERSION = YES;
				CLANG_WARN_OBJC_ROOT_CLASS = YES_ERROR;
				CLANG_WARN_RANGE_LOOP_ANALYSIS = YES;
				CLANG_WARN_STRICT_PROTOTYPES = YES;
				CLANG_WARN_SUSPICIOUS_MOVE = YES;
				CLANG_WARN_UNGUARDED_AVAILABILITY = YES_AGGRESSIVE;
				CLANG_WARN_UNREACHABLE_CODE = YES;
				CLANG_WARN__DUPLICATE_METHOD_MATCH = YES;
				CODE_SIGN_IDENTITY = "iPhone Developer";
				COPY_PHASE_STRIP = NO;
				DEBUG_INFORMATION_FORMAT = "dwarf-with-dsym";
				ENABLE_NS_ASSERTIONS = NO;
				ENABLE_STRICT_OBJC_MSGSEND = YES;
				GCC_C_LANGUAGE_STANDARD = gnu11;
				GCC_NO_COMMON_BLOCKS = YES;
				GCC_WARN_64_TO_32_BIT_CONVERSION = YES;
				GCC_WARN_ABOUT_RETURN_TYPE = YES_ERROR;
				GCC_WARN_UNDECLARED_SELECTOR = YES;
				GCC_WARN_UNINITIALIZED_AUTOS = YES_AGGRESSIVE;
				GCC_WARN_UNUSED_FUNCTION = YES;
				GCC_WARN_UNUSED_VARIABLE = YES;
				IPHONEOS_DEPLOYMENT_TARGET = 11.4;
				MTL_ENABLE_DEBUG_INFO = NO;
				SDKROOT = iphoneos;
				SWIFT_COMPILATION_MODE = wholemodule;
				SWIFT_OPTIMIZATION_LEVEL = "-O";
				VALIDATE_PRODUCT = YES;
			};
			name = Release;
		};
		34C7397320EBA11F00853ECF /* Debug */ = {
			isa = XCBuildConfiguration;
			buildSettings = {
				ASSETCATALOG_COMPILER_APPICON_NAME = AppIcon;
				CODE_SIGN_STYLE = Automatic;
				DEVELOPMENT_TEAM = 2AUX883V6A;
				INFOPLIST_FILE = AlamofireContributors/Info.plist;
				LD_RUNPATH_SEARCH_PATHS = (
					"$(inherited)",
					"@executable_path/Frameworks",
				);
				PRODUCT_BUNDLE_IDENTIFIER = sebek.com.AlamofireContributors;
				PRODUCT_NAME = "$(TARGET_NAME)";
				SWIFT_VERSION = 4.0;
				TARGETED_DEVICE_FAMILY = "1,2";
			};
			name = Debug;
		};
		34C7397420EBA11F00853ECF /* Release */ = {
			isa = XCBuildConfiguration;
			buildSettings = {
				ASSETCATALOG_COMPILER_APPICON_NAME = AppIcon;
				CODE_SIGN_STYLE = Automatic;
				DEVELOPMENT_TEAM = 2AUX883V6A;
				INFOPLIST_FILE = AlamofireContributors/Info.plist;
				LD_RUNPATH_SEARCH_PATHS = (
					"$(inherited)",
					"@executable_path/Frameworks",
				);
				PRODUCT_BUNDLE_IDENTIFIER = sebek.com.AlamofireContributors;
				PRODUCT_NAME = "$(TARGET_NAME)";
				SWIFT_VERSION = 4.0;
				TARGETED_DEVICE_FAMILY = "1,2";
			};
			name = Release;
		};
		34C7397620EBA11F00853ECF /* Debug */ = {
			isa = XCBuildConfiguration;
			buildSettings = {
				ALWAYS_EMBED_SWIFT_STANDARD_LIBRARIES = YES;
				BUNDLE_LOADER = "$(TEST_HOST)";
				CODE_SIGN_STYLE = Automatic;
				DEVELOPMENT_TEAM = 2AUX883V6A;
				INFOPLIST_FILE = AlamofireContributorsTests/Info.plist;
				LD_RUNPATH_SEARCH_PATHS = (
					"$(inherited)",
					"@executable_path/Frameworks",
					"@loader_path/Frameworks",
				);
				PRODUCT_BUNDLE_IDENTIFIER = sebek.com.AlamofireContributorsTests;
				PRODUCT_NAME = "$(TARGET_NAME)";
				SWIFT_VERSION = 4.0;
				TARGETED_DEVICE_FAMILY = "1,2";
				TEST_HOST = "$(BUILT_PRODUCTS_DIR)/AlamofireContributors.app/AlamofireContributors";
			};
			name = Debug;
		};
		34C7397720EBA11F00853ECF /* Release */ = {
			isa = XCBuildConfiguration;
			buildSettings = {
				ALWAYS_EMBED_SWIFT_STANDARD_LIBRARIES = YES;
				BUNDLE_LOADER = "$(TEST_HOST)";
				CODE_SIGN_STYLE = Automatic;
				DEVELOPMENT_TEAM = 2AUX883V6A;
				INFOPLIST_FILE = AlamofireContributorsTests/Info.plist;
				LD_RUNPATH_SEARCH_PATHS = (
					"$(inherited)",
					"@executable_path/Frameworks",
					"@loader_path/Frameworks",
				);
				PRODUCT_BUNDLE_IDENTIFIER = sebek.com.AlamofireContributorsTests;
				PRODUCT_NAME = "$(TARGET_NAME)";
				SWIFT_VERSION = 4.0;
				TARGETED_DEVICE_FAMILY = "1,2";
				TEST_HOST = "$(BUILT_PRODUCTS_DIR)/AlamofireContributors.app/AlamofireContributors";
			};
			name = Release;
		};
/* End XCBuildConfiguration section */

/* Begin XCConfigurationList section */
		34C7395020EBA11D00853ECF /* Build configuration list for PBXProject "AlamofireContributors" */ = {
			isa = XCConfigurationList;
			buildConfigurations = (
				34C7397020EBA11F00853ECF /* Debug */,
				34C7397120EBA11F00853ECF /* Release */,
			);
			defaultConfigurationIsVisible = 0;
			defaultConfigurationName = Release;
		};
		34C7397220EBA11F00853ECF /* Build configuration list for PBXNativeTarget "AlamofireContributors" */ = {
			isa = XCConfigurationList;
			buildConfigurations = (
				34C7397320EBA11F00853ECF /* Debug */,
				34C7397420EBA11F00853ECF /* Release */,
			);
			defaultConfigurationIsVisible = 0;
			defaultConfigurationName = Release;
		};
		34C7397520EBA11F00853ECF /* Build configuration list for PBXNativeTarget "AlamofireContributorsTests" */ = {
			isa = XCConfigurationList;
			buildConfigurations = (
				34C7397620EBA11F00853ECF /* Debug */,
				34C7397720EBA11F00853ECF /* Release */,
			);
			defaultConfigurationIsVisible = 0;
			defaultConfigurationName = Release;
		};
/* End XCConfigurationList section */
	};
	rootObject = 34C7394D20EBA11D00853ECF /* Project object */;
}
